// !$*UTF8*$!
{
	archiveVersion = 1;
	classes = {
	};
	objectVersion = 77;
	objects = {

/* Begin PBXBuildFile section */
		7818B9EE2D86209E009C7A9A /* Apple Watch ArUco Watch App.app in Embed Watch Content */ = {isa = PBXBuildFile; fileRef = 7818B9ED2D86209E009C7A9A /* Apple Watch ArUco Watch App.app */; settings = {ATTRIBUTES = (RemoveHeadersOnCopy, ); }; };
/* End PBXBuildFile section */

/* Begin PBXContainerItemProxy section */
		7818B9EF2D86209E009C7A9A /* PBXContainerItemProxy */ = {
			isa = PBXContainerItemProxy;
			containerPortal = 7818B9E12D86209E009C7A9A /* Project object */;
			proxyType = 1;
			remoteGlobalIDString = 7818B9EC2D86209E009C7A9A;
			remoteInfo = "Apple Watch ArUco Watch App";
		};
		7818BA002D8620A1009C7A9A /* PBXContainerItemProxy */ = {
			isa = PBXContainerItemProxy;
			containerPortal = 7818B9E12D86209E009C7A9A /* Project object */;
			proxyType = 1;
			remoteGlobalIDString = 7818B9EC2D86209E009C7A9A;
			remoteInfo = "Apple Watch ArUco Watch App";
		};
		7818BA0A2D8620A1009C7A9A /* PBXContainerItemProxy */ = {
			isa = PBXContainerItemProxy;
			containerPortal = 7818B9E12D86209E009C7A9A /* Project object */;
			proxyType = 1;
			remoteGlobalIDString = 7818B9EC2D86209E009C7A9A;
			remoteInfo = "Apple Watch ArUco Watch App";
		};
/* End PBXContainerItemProxy section */

/* Begin PBXCopyFilesBuildPhase section */
		7818BA162D8620A1009C7A9A /* Embed Watch Content */ = {
			isa = PBXCopyFilesBuildPhase;
			buildActionMask = 2147483647;
			dstPath = "$(CONTENTS_FOLDER_PATH)/Watch";
			dstSubfolderSpec = 16;
			files = (
				7818B9EE2D86209E009C7A9A /* Apple Watch ArUco Watch App.app in Embed Watch Content */,
			);
			name = "Embed Watch Content";
			runOnlyForDeploymentPostprocessing = 0;
		};
/* End PBXCopyFilesBuildPhase section */

/* Begin PBXFileReference section */
		7818B9E72D86209E009C7A9A /* Apple Watch ArUco.app */ = {isa = PBXFileReference; explicitFileType = wrapper.application; includeInIndex = 0; path = "Apple Watch ArUco.app"; sourceTree = BUILT_PRODUCTS_DIR; };
		7818B9ED2D86209E009C7A9A /* Apple Watch ArUco Watch App.app */ = {isa = PBXFileReference; explicitFileType = wrapper.application; includeInIndex = 0; path = "Apple Watch ArUco Watch App.app"; sourceTree = BUILT_PRODUCTS_DIR; };
		7818B9FF2D8620A1009C7A9A /* Apple Watch ArUco Watch AppTests.xctest */ = {isa = PBXFileReference; explicitFileType = wrapper.cfbundle; includeInIndex = 0; path = "Apple Watch ArUco Watch AppTests.xctest"; sourceTree = BUILT_PRODUCTS_DIR; };
		7818BA092D8620A1009C7A9A /* Apple Watch ArUco Watch AppUITests.xctest */ = {isa = PBXFileReference; explicitFileType = wrapper.cfbundle; includeInIndex = 0; path = "Apple Watch ArUco Watch AppUITests.xctest"; sourceTree = BUILT_PRODUCTS_DIR; };
/* End PBXFileReference section */

/* Begin PBXFileSystemSynchronizedRootGroup section */
		7818B9F12D86209E009C7A9A /* Apple Watch ArUco Watch App */ = {
			isa = PBXFileSystemSynchronizedRootGroup;
			path = "Apple Watch ArUco Watch App";
			sourceTree = "<group>";
		};
		7818BA022D8620A1009C7A9A /* Apple Watch ArUco Watch AppTests */ = {
			isa = PBXFileSystemSynchronizedRootGroup;
			path = "Apple Watch ArUco Watch AppTests";
			sourceTree = "<group>";
		};
		7818BA0C2D8620A1009C7A9A /* Apple Watch ArUco Watch AppUITests */ = {
			isa = PBXFileSystemSynchronizedRootGroup;
			path = "Apple Watch ArUco Watch AppUITests";
			sourceTree = "<group>";
		};
/* End PBXFileSystemSynchronizedRootGroup section */

/* Begin PBXFrameworksBuildPhase section */
		7818B9EA2D86209E009C7A9A /* Frameworks */ = {
			isa = PBXFrameworksBuildPhase;
			buildActionMask = 2147483647;
			files = (
			);
			runOnlyForDeploymentPostprocessing = 0;
		};
		7818B9FC2D8620A1009C7A9A /* Frameworks */ = {
			isa = PBXFrameworksBuildPhase;
			buildActionMask = 2147483647;
			files = (
			);
			runOnlyForDeploymentPostprocessing = 0;
		};
		7818BA062D8620A1009C7A9A /* Frameworks */ = {
			isa = PBXFrameworksBuildPhase;
			buildActionMask = 2147483647;
			files = (
			);
			runOnlyForDeploymentPostprocessing = 0;
		};
/* End PBXFrameworksBuildPhase section */

/* Begin PBXGroup section */
		7818B9E02D86209E009C7A9A = {
			isa = PBXGroup;
			children = (
				7818B9F12D86209E009C7A9A /* Apple Watch ArUco Watch App */,
				7818BA022D8620A1009C7A9A /* Apple Watch ArUco Watch AppTests */,
				7818BA0C2D8620A1009C7A9A /* Apple Watch ArUco Watch AppUITests */,
				7818B9E82D86209E009C7A9A /* Products */,
			);
			sourceTree = "<group>";
		};
		7818B9E82D86209E009C7A9A /* Products */ = {
			isa = PBXGroup;
			children = (
				7818B9E72D86209E009C7A9A /* Apple Watch ArUco.app */,
				7818B9ED2D86209E009C7A9A /* Apple Watch ArUco Watch App.app */,
				7818B9FF2D8620A1009C7A9A /* Apple Watch ArUco Watch AppTests.xctest */,
				7818BA092D8620A1009C7A9A /* Apple Watch ArUco Watch AppUITests.xctest */,
			);
			name = Products;
			sourceTree = "<group>";
		};
/* End PBXGroup section */

/* Begin PBXNativeTarget section */
		7818B9E62D86209E009C7A9A /* Apple Watch ArUco */ = {
			isa = PBXNativeTarget;
			buildConfigurationList = 7818BA172D8620A1009C7A9A /* Build configuration list for PBXNativeTarget "Apple Watch ArUco" */;
			buildPhases = (
				7818B9E52D86209E009C7A9A /* Resources */,
				7818BA162D8620A1009C7A9A /* Embed Watch Content */,
			);
			buildRules = (
			);
			dependencies = (
				7818B9F02D86209E009C7A9A /* PBXTargetDependency */,
			);
			name = "Apple Watch ArUco";
			packageProductDependencies = (
			);
			productName = "Apple Watch ArUco";
			productReference = 7818B9E72D86209E009C7A9A /* Apple Watch ArUco.app */;
			productType = "com.apple.product-type.application.watchapp2-container";
		};
		7818B9EC2D86209E009C7A9A /* Apple Watch ArUco Watch App */ = {
			isa = PBXNativeTarget;
			buildConfigurationList = 7818BA132D8620A1009C7A9A /* Build configuration list for PBXNativeTarget "Apple Watch ArUco Watch App" */;
			buildPhases = (
				7818B9E92D86209E009C7A9A /* Sources */,
				7818B9EA2D86209E009C7A9A /* Frameworks */,
				7818B9EB2D86209E009C7A9A /* Resources */,
			);
			buildRules = (
			);
			dependencies = (
			);
			fileSystemSynchronizedGroups = (
				7818B9F12D86209E009C7A9A /* Apple Watch ArUco Watch App */,
			);
			name = "Apple Watch ArUco Watch App";
			packageProductDependencies = (
			);
			productName = "Apple Watch ArUco Watch App";
			productReference = 7818B9ED2D86209E009C7A9A /* Apple Watch ArUco Watch App.app */;
			productType = "com.apple.product-type.application";
		};
		7818B9FE2D8620A1009C7A9A /* Apple Watch ArUco Watch AppTests */ = {
			isa = PBXNativeTarget;
			buildConfigurationList = 7818BA1A2D8620A1009C7A9A /* Build configuration list for PBXNativeTarget "Apple Watch ArUco Watch AppTests" */;
			buildPhases = (
				7818B9FB2D8620A1009C7A9A /* Sources */,
				7818B9FC2D8620A1009C7A9A /* Frameworks */,
				7818B9FD2D8620A1009C7A9A /* Resources */,
			);
			buildRules = (
			);
			dependencies = (
				7818BA012D8620A1009C7A9A /* PBXTargetDependency */,
			);
			fileSystemSynchronizedGroups = (
				7818BA022D8620A1009C7A9A /* Apple Watch ArUco Watch AppTests */,
			);
			name = "Apple Watch ArUco Watch AppTests";
			packageProductDependencies = (
			);
			productName = "Apple Watch ArUco Watch AppTests";
			productReference = 7818B9FF2D8620A1009C7A9A /* Apple Watch ArUco Watch AppTests.xctest */;
			productType = "com.apple.product-type.bundle.unit-test";
		};
		7818BA082D8620A1009C7A9A /* Apple Watch ArUco Watch AppUITests */ = {
			isa = PBXNativeTarget;
			buildConfigurationList = 7818BA1D2D8620A1009C7A9A /* Build configuration list for PBXNativeTarget "Apple Watch ArUco Watch AppUITests" */;
			buildPhases = (
				7818BA052D8620A1009C7A9A /* Sources */,
				7818BA062D8620A1009C7A9A /* Frameworks */,
				7818BA072D8620A1009C7A9A /* Resources */,
			);
			buildRules = (
			);
			dependencies = (
				7818BA0B2D8620A1009C7A9A /* PBXTargetDependency */,
			);
			fileSystemSynchronizedGroups = (
				7818BA0C2D8620A1009C7A9A /* Apple Watch ArUco Watch AppUITests */,
			);
			name = "Apple Watch ArUco Watch AppUITests";
			packageProductDependencies = (
			);
			productName = "Apple Watch ArUco Watch AppUITests";
			productReference = 7818BA092D8620A1009C7A9A /* Apple Watch ArUco Watch AppUITests.xctest */;
			productType = "com.apple.product-type.bundle.ui-testing";
		};
/* End PBXNativeTarget section */

/* Begin PBXProject section */
		7818B9E12D86209E009C7A9A /* Project object */ = {
			isa = PBXProject;
			attributes = {
				BuildIndependentTargetsInParallel = 1;
				LastSwiftUpdateCheck = 1620;
				LastUpgradeCheck = 1620;
				TargetAttributes = {
					7818B9E62D86209E009C7A9A = {
						CreatedOnToolsVersion = 16.2;
					};
					7818B9EC2D86209E009C7A9A = {
						CreatedOnToolsVersion = 16.2;
					};
					7818B9FE2D8620A1009C7A9A = {
						CreatedOnToolsVersion = 16.2;
						TestTargetID = 7818B9EC2D86209E009C7A9A;
					};
					7818BA082D8620A1009C7A9A = {
						CreatedOnToolsVersion = 16.2;
						TestTargetID = 7818B9EC2D86209E009C7A9A;
					};
				};
			};
			buildConfigurationList = 7818B9E42D86209E009C7A9A /* Build configuration list for PBXProject "Apple Watch ArUco" */;
			developmentRegion = en;
			hasScannedForEncodings = 0;
			knownRegions = (
				en,
				Base,
			);
			mainGroup = 7818B9E02D86209E009C7A9A;
			minimizedProjectReferenceProxies = 1;
			preferredProjectObjectVersion = 77;
			productRefGroup = 7818B9E82D86209E009C7A9A /* Products */;
			projectDirPath = "";
			projectRoot = "";
			targets = (
				7818B9E62D86209E009C7A9A /* Apple Watch ArUco */,
				7818B9EC2D86209E009C7A9A /* Apple Watch ArUco Watch App */,
				7818B9FE2D8620A1009C7A9A /* Apple Watch ArUco Watch AppTests */,
				7818BA082D8620A1009C7A9A /* Apple Watch ArUco Watch AppUITests */,
			);
		};
/* End PBXProject section */

/* Begin PBXResourcesBuildPhase section */
		7818B9E52D86209E009C7A9A /* Resources */ = {
			isa = PBXResourcesBuildPhase;
			buildActionMask = 2147483647;
			files = (
			);
			runOnlyForDeploymentPostprocessing = 0;
		};
		7818B9EB2D86209E009C7A9A /* Resources */ = {
			isa = PBXResourcesBuildPhase;
			buildActionMask = 2147483647;
			files = (
			);
			runOnlyForDeploymentPostprocessing = 0;
		};
		7818B9FD2D8620A1009C7A9A /* Resources */ = {
			isa = PBXResourcesBuildPhase;
			buildActionMask = 2147483647;
			files = (
			);
			runOnlyForDeploymentPostprocessing = 0;
		};
		7818BA072D8620A1009C7A9A /* Resources */ = {
			isa = PBXResourcesBuildPhase;
			buildActionMask = 2147483647;
			files = (
			);
			runOnlyForDeploymentPostprocessing = 0;
		};
/* End PBXResourcesBuildPhase section */

/* Begin PBXSourcesBuildPhase section */
		7818B9E92D86209E009C7A9A /* Sources */ = {
			isa = PBXSourcesBuildPhase;
			buildActionMask = 2147483647;
			files = (
			);
			runOnlyForDeploymentPostprocessing = 0;
		};
		7818B9FB2D8620A1009C7A9A /* Sources */ = {
			isa = PBXSourcesBuildPhase;
			buildActionMask = 2147483647;
			files = (
			);
			runOnlyForDeploymentPostprocessing = 0;
		};
		7818BA052D8620A1009C7A9A /* Sources */ = {
			isa = PBXSourcesBuildPhase;
			buildActionMask = 2147483647;
			files = (
			);
			runOnlyForDeploymentPostprocessing = 0;
		};
/* End PBXSourcesBuildPhase section */

/* Begin PBXTargetDependency section */
		7818B9F02D86209E009C7A9A /* PBXTargetDependency */ = {
			isa = PBXTargetDependency;
			target = 7818B9EC2D86209E009C7A9A /* Apple Watch ArUco Watch App */;
			targetProxy = 7818B9EF2D86209E009C7A9A /* PBXContainerItemProxy */;
		};
		7818BA012D8620A1009C7A9A /* PBXTargetDependency */ = {
			isa = PBXTargetDependency;
			target = 7818B9EC2D86209E009C7A9A /* Apple Watch ArUco Watch App */;
			targetProxy = 7818BA002D8620A1009C7A9A /* PBXContainerItemProxy */;
		};
		7818BA0B2D8620A1009C7A9A /* PBXTargetDependency */ = {
			isa = PBXTargetDependency;
			target = 7818B9EC2D86209E009C7A9A /* Apple Watch ArUco Watch App */;
			targetProxy = 7818BA0A2D8620A1009C7A9A /* PBXContainerItemProxy */;
		};
/* End PBXTargetDependency section */

/* Begin XCBuildConfiguration section */
		7818BA112D8620A1009C7A9A /* Debug */ = {
			isa = XCBuildConfiguration;
			buildSettings = {
				ALWAYS_SEARCH_USER_PATHS = NO;
				ASSETCATALOG_COMPILER_GENERATE_SWIFT_ASSET_SYMBOL_EXTENSIONS = YES;
				CLANG_ANALYZER_NONNULL = YES;
				CLANG_ANALYZER_NUMBER_OBJECT_CONVERSION = YES_AGGRESSIVE;
				CLANG_CXX_LANGUAGE_STANDARD = "gnu++20";
				CLANG_ENABLE_MODULES = YES;
				CLANG_ENABLE_OBJC_ARC = YES;
				CLANG_ENABLE_OBJC_WEAK = YES;
				CLANG_WARN_BLOCK_CAPTURE_AUTORELEASING = YES;
				CLANG_WARN_BOOL_CONVERSION = YES;
				CLANG_WARN_COMMA = YES;
				CLANG_WARN_CONSTANT_CONVERSION = YES;
				CLANG_WARN_DEPRECATED_OBJC_IMPLEMENTATIONS = YES;
				CLANG_WARN_DIRECT_OBJC_ISA_USAGE = YES_ERROR;
				CLANG_WARN_DOCUMENTATION_COMMENTS = YES;
				CLANG_WARN_EMPTY_BODY = YES;
				CLANG_WARN_ENUM_CONVERSION = YES;
				CLANG_WARN_INFINITE_RECURSION = YES;
				CLANG_WARN_INT_CONVERSION = YES;
				CLANG_WARN_NON_LITERAL_NULL_CONVERSION = YES;
				CLANG_WARN_OBJC_IMPLICIT_RETAIN_SELF = YES;
				CLANG_WARN_OBJC_LITERAL_CONVERSION = YES;
				CLANG_WARN_OBJC_ROOT_CLASS = YES_ERROR;
				CLANG_WARN_QUOTED_INCLUDE_IN_FRAMEWORK_HEADER = YES;
				CLANG_WARN_RANGE_LOOP_ANALYSIS = YES;
				CLANG_WARN_STRICT_PROTOTYPES = YES;
				CLANG_WARN_SUSPICIOUS_MOVE = YES;
				CLANG_WARN_UNGUARDED_AVAILABILITY = YES_AGGRESSIVE;
				CLANG_WARN_UNREACHABLE_CODE = YES;
				CLANG_WARN__DUPLICATE_METHOD_MATCH = YES;
				COPY_PHASE_STRIP = NO;
				DEBUG_INFORMATION_FORMAT = dwarf;
				ENABLE_STRICT_OBJC_MSGSEND = YES;
				ENABLE_TESTABILITY = YES;
				ENABLE_USER_SCRIPT_SANDBOXING = YES;
				GCC_C_LANGUAGE_STANDARD = gnu17;
				GCC_DYNAMIC_NO_PIC = NO;
				GCC_NO_COMMON_BLOCKS = YES;
				GCC_OPTIMIZATION_LEVEL = 0;
				GCC_PREPROCESSOR_DEFINITIONS = (
					"DEBUG=1",
					"$(inherited)",
				);
				GCC_WARN_64_TO_32_BIT_CONVERSION = YES;
				GCC_WARN_ABOUT_RETURN_TYPE = YES_ERROR;
				GCC_WARN_UNDECLARED_SELECTOR = YES;
				GCC_WARN_UNINITIALIZED_AUTOS = YES_AGGRESSIVE;
				GCC_WARN_UNUSED_FUNCTION = YES;
				GCC_WARN_UNUSED_VARIABLE = YES;
				LOCALIZATION_PREFERS_STRING_CATALOGS = YES;
				MTL_ENABLE_DEBUG_INFO = INCLUDE_SOURCE;
				MTL_FAST_MATH = YES;
				ONLY_ACTIVE_ARCH = YES;
				SWIFT_ACTIVE_COMPILATION_CONDITIONS = "DEBUG $(inherited)";
				SWIFT_OPTIMIZATION_LEVEL = "-Onone";
			};
			name = Debug;
		};
		7818BA122D8620A1009C7A9A /* Release */ = {
			isa = XCBuildConfiguration;
			buildSettings = {
				ALWAYS_SEARCH_USER_PATHS = NO;
				ASSETCATALOG_COMPILER_GENERATE_SWIFT_ASSET_SYMBOL_EXTENSIONS = YES;
				CLANG_ANALYZER_NONNULL = YES;
				CLANG_ANALYZER_NUMBER_OBJECT_CONVERSION = YES_AGGRESSIVE;
				CLANG_CXX_LANGUAGE_STANDARD = "gnu++20";
				CLANG_ENABLE_MODULES = YES;
				CLANG_ENABLE_OBJC_ARC = YES;
				CLANG_ENABLE_OBJC_WEAK = YES;
				CLANG_WARN_BLOCK_CAPTURE_AUTORELEASING = YES;
				CLANG_WARN_BOOL_CONVERSION = YES;
				CLANG_WARN_COMMA = YES;
				CLANG_WARN_CONSTANT_CONVERSION = YES;
				CLANG_WARN_DEPRECATED_OBJC_IMPLEMENTATIONS = YES;
				CLANG_WARN_DIRECT_OBJC_ISA_USAGE = YES_ERROR;
				CLANG_WARN_DOCUMENTATION_COMMENTS = YES;
				CLANG_WARN_EMPTY_BODY = YES;
				CLANG_WARN_ENUM_CONVERSION = YES;
				CLANG_WARN_INFINITE_RECURSION = YES;
				CLANG_WARN_INT_CONVERSION = YES;
				CLANG_WARN_NON_LITERAL_NULL_CONVERSION = YES;
				CLANG_WARN_OBJC_IMPLICIT_RETAIN_SELF = YES;
				CLANG_WARN_OBJC_LITERAL_CONVERSION = YES;
				CLANG_WARN_OBJC_ROOT_CLASS = YES_ERROR;
				CLANG_WARN_QUOTED_INCLUDE_IN_FRAMEWORK_HEADER = YES;
				CLANG_WARN_RANGE_LOOP_ANALYSIS = YES;
				CLANG_WARN_STRICT_PROTOTYPES = YES;
				CLANG_WARN_SUSPICIOUS_MOVE = YES;
				CLANG_WARN_UNGUARDED_AVAILABILITY = YES_AGGRESSIVE;
				CLANG_WARN_UNREACHABLE_CODE = YES;
				CLANG_WARN__DUPLICATE_METHOD_MATCH = YES;
				COPY_PHASE_STRIP = NO;
				DEBUG_INFORMATION_FORMAT = "dwarf-with-dsym";
				ENABLE_NS_ASSERTIONS = NO;
				ENABLE_STRICT_OBJC_MSGSEND = YES;
				ENABLE_USER_SCRIPT_SANDBOXING = YES;
				GCC_C_LANGUAGE_STANDARD = gnu17;
				GCC_NO_COMMON_BLOCKS = YES;
				GCC_WARN_64_TO_32_BIT_CONVERSION = YES;
				GCC_WARN_ABOUT_RETURN_TYPE = YES_ERROR;
				GCC_WARN_UNDECLARED_SELECTOR = YES;
				GCC_WARN_UNINITIALIZED_AUTOS = YES_AGGRESSIVE;
				GCC_WARN_UNUSED_FUNCTION = YES;
				GCC_WARN_UNUSED_VARIABLE = YES;
				LOCALIZATION_PREFERS_STRING_CATALOGS = YES;
				MTL_ENABLE_DEBUG_INFO = NO;
				MTL_FAST_MATH = YES;
				SWIFT_COMPILATION_MODE = wholemodule;
			};
			name = Release;
		};
		7818BA142D8620A1009C7A9A /* Debug */ = {
			isa = XCBuildConfiguration;
			buildSettings = {
				ASSETCATALOG_COMPILER_APPICON_NAME = AppIcon;
				ASSETCATALOG_COMPILER_GLOBAL_ACCENT_COLOR_NAME = AccentColor;
				CODE_SIGN_STYLE = Automatic;
				CURRENT_PROJECT_VERSION = 1;
				DEVELOPMENT_ASSET_PATHS = "\"Apple Watch ArUco Watch App/Preview Content\"";
				DEVELOPMENT_TEAM = 3YWW337ZMW;
				ENABLE_PREVIEWS = YES;
				GENERATE_INFOPLIST_FILE = YES;
				INFOPLIST_KEY_CFBundleDisplayName = "Apple Watch ArUco";
				INFOPLIST_KEY_UISupportedInterfaceOrientations = "UIInterfaceOrientationPortrait UIInterfaceOrientationPortraitUpsideDown";
				INFOPLIST_KEY_WKWatchOnly = YES;
				LD_RUNPATH_SEARCH_PATHS = (
					"$(inherited)",
					"@executable_path/Frameworks",
				);
				MARKETING_VERSION = 1.0;
				PRODUCT_BUNDLE_IDENTIFIER = "yunhocho.Apple-Watch-ArUco.watchkitapp";
				PRODUCT_NAME = "$(TARGET_NAME)";
				SDKROOT = watchos;
				SKIP_INSTALL = YES;
				SWIFT_EMIT_LOC_STRINGS = YES;
				SWIFT_VERSION = 5.0;
				TARGETED_DEVICE_FAMILY = 4;
				WATCHOS_DEPLOYMENT_TARGET = 11.2;
			};
			name = Debug;
		};
		7818BA152D8620A1009C7A9A /* Release */ = {
			isa = XCBuildConfiguration;
			buildSettings = {
				ASSETCATALOG_COMPILER_APPICON_NAME = AppIcon;
				ASSETCATALOG_COMPILER_GLOBAL_ACCENT_COLOR_NAME = AccentColor;
				CODE_SIGN_STYLE = Automatic;
				CURRENT_PROJECT_VERSION = 1;
				DEVELOPMENT_ASSET_PATHS = "\"Apple Watch ArUco Watch App/Preview Content\"";
				DEVELOPMENT_TEAM = 3YWW337ZMW;
				ENABLE_PREVIEWS = YES;
				GENERATE_INFOPLIST_FILE = YES;
				INFOPLIST_KEY_CFBundleDisplayName = "Apple Watch ArUco";
				INFOPLIST_KEY_UISupportedInterfaceOrientations = "UIInterfaceOrientationPortrait UIInterfaceOrientationPortraitUpsideDown";
				INFOPLIST_KEY_WKWatchOnly = YES;
				LD_RUNPATH_SEARCH_PATHS = (
					"$(inherited)",
					"@executable_path/Frameworks",
				);
				MARKETING_VERSION = 1.0;
				PRODUCT_BUNDLE_IDENTIFIER = "yunhocho.Apple-Watch-ArUco.watchkitapp";
				PRODUCT_NAME = "$(TARGET_NAME)";
				SDKROOT = watchos;
				SKIP_INSTALL = YES;
				SWIFT_EMIT_LOC_STRINGS = YES;
				SWIFT_VERSION = 5.0;
				TARGETED_DEVICE_FAMILY = 4;
				VALIDATE_PRODUCT = YES;
				WATCHOS_DEPLOYMENT_TARGET = 11.2;
			};
			name = Release;
		};
		7818BA182D8620A1009C7A9A /* Debug */ = {
			isa = XCBuildConfiguration;
			buildSettings = {
				CODE_SIGN_STYLE = Automatic;
				CURRENT_PROJECT_VERSION = 1;
				DEVELOPMENT_TEAM = 3YWW337ZMW;
				INFOPLIST_KEY_CFBundleDisplayName = "Apple Watch ArUco";
				MARKETING_VERSION = 1.0;
				PRODUCT_BUNDLE_IDENTIFIER = "yunhocho.Apple-Watch-ArUco";
				PRODUCT_NAME = "$(TARGET_NAME)";
				SDKROOT = iphoneos;
				SWIFT_VERSION = 5.0;
			};
			name = Debug;
		};
		7818BA192D8620A1009C7A9A /* Release */ = {
			isa = XCBuildConfiguration;
			buildSettings = {
				CODE_SIGN_STYLE = Automatic;
				CURRENT_PROJECT_VERSION = 1;
				DEVELOPMENT_TEAM = 3YWW337ZMW;
				INFOPLIST_KEY_CFBundleDisplayName = "Apple Watch ArUco";
				MARKETING_VERSION = 1.0;
				PRODUCT_BUNDLE_IDENTIFIER = "yunhocho.Apple-Watch-ArUco";
				PRODUCT_NAME = "$(TARGET_NAME)";
				SDKROOT = iphoneos;
				SWIFT_VERSION = 5.0;
				VALIDATE_PRODUCT = YES;
			};
			name = Release;
		};
		7818BA1B2D8620A1009C7A9A /* Debug */ = {
			isa = XCBuildConfiguration;
			buildSettings = {
				BUNDLE_LOADER = "$(TEST_HOST)";
				CODE_SIGN_STYLE = Automatic;
				CURRENT_PROJECT_VERSION = 1;
				DEVELOPMENT_TEAM = 3YWW337ZMW;
				GENERATE_INFOPLIST_FILE = YES;
				MARKETING_VERSION = 1.0;
				PRODUCT_BUNDLE_IDENTIFIER = "yunhocho.Apple-Watch-ArUco-Watch-AppTests";
				PRODUCT_NAME = "$(TARGET_NAME)";
				SDKROOT = watchos;
				SWIFT_EMIT_LOC_STRINGS = NO;
				SWIFT_VERSION = 5.0;
				TARGETED_DEVICE_FAMILY = 4;
				TEST_HOST = "$(BUILT_PRODUCTS_DIR)/Apple Watch ArUco Watch App.app/$(BUNDLE_EXECUTABLE_FOLDER_PATH)/Apple Watch ArUco Watch App";
				WATCHOS_DEPLOYMENT_TARGET = 11.2;
			};
			name = Debug;
		};
		7818BA1C2D8620A1009C7A9A /* Release */ = {
			isa = XCBuildConfiguration;
			buildSettings = {
				BUNDLE_LOADER = "$(TEST_HOST)";
				CODE_SIGN_STYLE = Automatic;
				CURRENT_PROJECT_VERSION = 1;
				DEVELOPMENT_TEAM = 3YWW337ZMW;
				GENERATE_INFOPLIST_FILE = YES;
				MARKETING_VERSION = 1.0;
				PRODUCT_BUNDLE_IDENTIFIER = "yunhocho.Apple-Watch-ArUco-Watch-AppTests";
				PRODUCT_NAME = "$(TARGET_NAME)";
				SDKROOT = watchos;
				SWIFT_EMIT_LOC_STRINGS = NO;
				SWIFT_VERSION = 5.0;
				TARGETED_DEVICE_FAMILY = 4;
				TEST_HOST = "$(BUILT_PRODUCTS_DIR)/Apple Watch ArUco Watch App.app/$(BUNDLE_EXECUTABLE_FOLDER_PATH)/Apple Watch ArUco Watch App";
				VALIDATE_PRODUCT = YES;
				WATCHOS_DEPLOYMENT_TARGET = 11.2;
			};
			name = Release;
		};
		7818BA1E2D8620A1009C7A9A /* Debug */ = {
			isa = XCBuildConfiguration;
			buildSettings = {
				CODE_SIGN_STYLE = Automatic;
				CURRENT_PROJECT_VERSION = 1;
				DEVELOPMENT_TEAM = 3YWW337ZMW;
				GENERATE_INFOPLIST_FILE = YES;
				MARKETING_VERSION = 1.0;
				PRODUCT_BUNDLE_IDENTIFIER = "yunhocho.Apple-Watch-ArUco-Watch-AppUITests";
				PRODUCT_NAME = "$(TARGET_NAME)";
				SDKROOT = watchos;
				SWIFT_EMIT_LOC_STRINGS = NO;
				SWIFT_VERSION = 5.0;
				TARGETED_DEVICE_FAMILY = 4;
				TEST_TARGET_NAME = "Apple Watch ArUco Watch App";
				WATCHOS_DEPLOYMENT_TARGET = 11.2;
			};
			name = Debug;
		};
		7818BA1F2D8620A1009C7A9A /* Release */ = {
			isa = XCBuildConfiguration;
			buildSettings = {
				CODE_SIGN_STYLE = Automatic;
				CURRENT_PROJECT_VERSION = 1;
				DEVELOPMENT_TEAM = 3YWW337ZMW;
				GENERATE_INFOPLIST_FILE = YES;
				MARKETING_VERSION = 1.0;
				PRODUCT_BUNDLE_IDENTIFIER = "yunhocho.Apple-Watch-ArUco-Watch-AppUITests";
				PRODUCT_NAME = "$(TARGET_NAME)";
				SDKROOT = watchos;
				SWIFT_EMIT_LOC_STRINGS = NO;
				SWIFT_VERSION = 5.0;
				TARGETED_DEVICE_FAMILY = 4;
				TEST_TARGET_NAME = "Apple Watch ArUco Watch App";
				VALIDATE_PRODUCT = YES;
				WATCHOS_DEPLOYMENT_TARGET = 11.2;
			};
			name = Release;
		};
/* End XCBuildConfiguration section */

/* Begin XCConfigurationList section */
		7818B9E42D86209E009C7A9A /* Build configuration list for PBXProject "Apple Watch ArUco" */ = {
			isa = XCConfigurationList;
			buildConfigurations = (
				7818BA112D8620A1009C7A9A /* Debug */,
				7818BA122D8620A1009C7A9A /* Release */,
			);
			defaultConfigurationIsVisible = 0;
			defaultConfigurationName = Release;
		};
		7818BA132D8620A1009C7A9A /* Build configuration list for PBXNativeTarget "Apple Watch ArUco Watch App" */ = {
			isa = XCConfigurationList;
			buildConfigurations = (
				7818BA142D8620A1009C7A9A /* Debug */,
				7818BA152D8620A1009C7A9A /* Release */,
			);
			defaultConfigurationIsVisible = 0;
			defaultConfigurationName = Release;
		};
		7818BA172D8620A1009C7A9A /* Build configuration list for PBXNativeTarget "Apple Watch ArUco" */ = {
			isa = XCConfigurationList;
			buildConfigurations = (
				7818BA182D8620A1009C7A9A /* Debug */,
				7818BA192D8620A1009C7A9A /* Release */,
			);
			defaultConfigurationIsVisible = 0;
			defaultConfigurationName = Release;
		};
		7818BA1A2D8620A1009C7A9A /* Build configuration list for PBXNativeTarget "Apple Watch ArUco Watch AppTests" */ = {
			isa = XCConfigurationList;
			buildConfigurations = (
				7818BA1B2D8620A1009C7A9A /* Debug */,
				7818BA1C2D8620A1009C7A9A /* Release */,
			);
			defaultConfigurationIsVisible = 0;
			defaultConfigurationName = Release;
		};
		7818BA1D2D8620A1009C7A9A /* Build configuration list for PBXNativeTarget "Apple Watch ArUco Watch AppUITests" */ = {
			isa = XCConfigurationList;
			buildConfigurations = (
				7818BA1E2D8620A1009C7A9A /* Debug */,
				7818BA1F2D8620A1009C7A9A /* Release */,
			);
			defaultConfigurationIsVisible = 0;
			defaultConfigurationName = Release;
		};
/* End XCConfigurationList section */
	};
	rootObject = 7818B9E12D86209E009C7A9A /* Project object */;
}
